# This file was autogenerated by Stack.
# You should not edit this file by hand.
# For more information, please see the documentation at:
#   https://docs.haskellstack.org/en/stable/lock_files

packages:
- completed:
    hackage: fused-effects-1.1.0.0@sha256:29d03c73b585920c0999a18b73c9a0bf9e61e1fa58c5c2bed3f89423c8078f4a,5139
    pantry-tree:
      size: 6288
      sha256: e427a329bd733f5096e37bfcf5a211bb2e8555b88b7e87ac43607d2f455e3f66
  original:
    hackage: fused-effects-1.1.0.0
snapshots:
- completed:
    size: 531696
    url: https://raw.githubusercontent.com/commercialhaskell/stackage-snapshots/master/lts/16/3.yaml
    sha256: 65e3a94c65ad07fa1913649e3f1e36c4af51bf528a5d9fd217bdc1b46d0477cc
  original: lts-16.3
